
Microsoft Visual Studio Solution File, Format Version 12.00
# Visual Studio Version 16
VisualStudioVersion = 16.0.29418.71
MinimumVisualStudioVersion = 10.0.40219.1
Project("{8BC9CEB8-8B4A-11D0-8D11-00A0C91BC942}") = "mtTorrent", "mtTorrent\mtTorrent.vcxproj", "{7A7123CF-1E7A-408F-8281-6A0ADB328253}"
EndProject
Project("{8BC9CEB8-8B4A-11D0-8D11-00A0C91BC942}") = "mtTorrentLiteGui", "mtTorrentLiteGui\mtTorrentLiteGui.vcxproj", "{08F6658C-96BE-43CD-AF5D-090AD85673CC}"
EndProject
Project("{8BC9CEB8-8B4A-11D0-8D11-00A0C91BC942}") = "countryIpListParser", "countryIpListParser\countryIpListParser.vcxproj", "{841FA89C-34F1-4180-BECC-193231E68E8F}"
EndProject
Project("{8BC9CEB8-8B4A-11D0-8D11-00A0C91BC942}") = "SdkExample", "SdkExample\SdkExample.vcxproj", "{8D1AE2D0-94D2-4705-91B2-CA824F565537}"
EndProject
Project("{8BC9CEB8-8B4A-11D0-8D11-00A0C91BC942}") = "diagnosticsReport", "diagnosticsReport\diagnosticsReport.vcxproj", "{C7EEA4BB-E7EC-4347-AC7A-16893FC01446}"
EndProject
Global
	GlobalSection(SolutionConfigurationPlatforms) = preSolution
		Debug Standalone|x64 = Debug Standalone|x64
		Debug Standalone|x86 = Debug Standalone|x86
		Debug|x64 = Debug|x64
		Debug|x86 = Debug|x86
		Release Standalone|x64 = Release Standalone|x64
		Release Standalone|x86 = Release Standalone|x86
		Release|x64 = Release|x64
		Release|x86 = Release|x86
		ReleaseWithSSL MT|x64 = ReleaseWithSSL MT|x64
		ReleaseWithSSL MT|x86 = ReleaseWithSSL MT|x86
		ReleaseWithSSL|x64 = ReleaseWithSSL|x64
		ReleaseWithSSL|x86 = ReleaseWithSSL|x86
	EndGlobalSection
	GlobalSection(ProjectConfigurationPlatforms) = postSolution
		{7A7123CF-1E7A-408F-8281-6A0ADB328253}.Debug Standalone|x64.ActiveCfg = DebugStandalone|x64
		{7A7123CF-1E7A-408F-8281-6A0ADB328253}.Debug Standalone|x64.Build.0 = DebugStandalone|x64
		{7A7123CF-1E7A-408F-8281-6A0ADB328253}.Debug Standalone|x86.ActiveCfg = DebugStandalone|Win32
		{7A7123CF-1E7A-408F-8281-6A0ADB328253}.Debug Standalone|x86.Build.0 = DebugStandalone|Win32
		{7A7123CF-1E7A-408F-8281-6A0ADB328253}.Debug|x64.ActiveCfg = Debug|x64
		{7A7123CF-1E7A-408F-8281-6A0ADB328253}.Debug|x64.Build.0 = Debug|x64
		{7A7123CF-1E7A-408F-8281-6A0ADB328253}.Debug|x86.ActiveCfg = Debug|Win32
		{7A7123CF-1E7A-408F-8281-6A0ADB328253}.Debug|x86.Build.0 = Debug|Win32
		{7A7123CF-1E7A-408F-8281-6A0ADB328253}.Release Standalone|x64.ActiveCfg = Release Standalone|x64
		{7A7123CF-1E7A-408F-8281-6A0ADB328253}.Release Standalone|x64.Build.0 = Release Standalone|x64
		{7A7123CF-1E7A-408F-8281-6A0ADB328253}.Release Standalone|x86.ActiveCfg = Release Standalone|Win32
		{7A7123CF-1E7A-408F-8281-6A0ADB328253}.Release Standalone|x86.Build.0 = Release Standalone|Win32
		{7A7123CF-1E7A-408F-8281-6A0ADB328253}.Release|x64.ActiveCfg = Release|x64
		{7A7123CF-1E7A-408F-8281-6A0ADB328253}.Release|x64.Build.0 = Release|x64
		{7A7123CF-1E7A-408F-8281-6A0ADB328253}.Release|x86.ActiveCfg = Release|Win32
		{7A7123CF-1E7A-408F-8281-6A0ADB328253}.Release|x86.Build.0 = Release|Win32
		{7A7123CF-1E7A-408F-8281-6A0ADB328253}.ReleaseWithSSL MT|x64.ActiveCfg = ReleaseWithSSL MT|x64
		{7A7123CF-1E7A-408F-8281-6A0ADB328253}.ReleaseWithSSL MT|x64.Build.0 = ReleaseWithSSL MT|x64
		{7A7123CF-1E7A-408F-8281-6A0ADB328253}.ReleaseWithSSL MT|x86.ActiveCfg = ReleaseWithSSL MT|Win32
		{7A7123CF-1E7A-408F-8281-6A0ADB328253}.ReleaseWithSSL MT|x86.Build.0 = ReleaseWithSSL MT|Win32
		{7A7123CF-1E7A-408F-8281-6A0ADB328253}.ReleaseWithSSL|x64.ActiveCfg = ReleaseWithSSL|x64
		{7A7123CF-1E7A-408F-8281-6A0ADB328253}.ReleaseWithSSL|x64.Build.0 = ReleaseWithSSL|x64
		{7A7123CF-1E7A-408F-8281-6A0ADB328253}.ReleaseWithSSL|x86.ActiveCfg = ReleaseWithSSL|Win32
		{7A7123CF-1E7A-408F-8281-6A0ADB328253}.ReleaseWithSSL|x86.Build.0 = ReleaseWithSSL|Win32
		{08F6658C-96BE-43CD-AF5D-090AD85673CC}.Debug Standalone|x64.ActiveCfg = Debug|x64
		{08F6658C-96BE-43CD-AF5D-090AD85673CC}.Debug Standalone|x64.Build.0 = Debug|x64
		{08F6658C-96BE-43CD-AF5D-090AD85673CC}.Debug Standalone|x86.ActiveCfg = Debug|Win32
		{08F6658C-96BE-43CD-AF5D-090AD85673CC}.Debug Standalone|x86.Build.0 = Debug|Win32
		{08F6658C-96BE-43CD-AF5D-090AD85673CC}.Debug|x64.ActiveCfg = Debug|x64
		{08F6658C-96BE-43CD-AF5D-090AD85673CC}.Debug|x64.Build.0 = Debug|x64
		{08F6658C-96BE-43CD-AF5D-090AD85673CC}.Debug|x86.ActiveCfg = Debug|Win32
		{08F6658C-96BE-43CD-AF5D-090AD85673CC}.Debug|x86.Build.0 = Debug|Win32
		{08F6658C-96BE-43CD-AF5D-090AD85673CC}.Release Standalone|x64.ActiveCfg = Release|x64
		{08F6658C-96BE-43CD-AF5D-090AD85673CC}.Release Standalone|x64.Build.0 = Release|x64
		{08F6658C-96BE-43CD-AF5D-090AD85673CC}.Release Standalone|x86.ActiveCfg = Release|Win32
		{08F6658C-96BE-43CD-AF5D-090AD85673CC}.Release Standalone|x86.Build.0 = Release|Win32
		{08F6658C-96BE-43CD-AF5D-090AD85673CC}.Release|x64.ActiveCfg = Release|x64
		{08F6658C-96BE-43CD-AF5D-090AD85673CC}.Release|x64.Build.0 = Release|x64
		{08F6658C-96BE-43CD-AF5D-090AD85673CC}.Release|x86.ActiveCfg = Release|Win32
		{08F6658C-96BE-43CD-AF5D-090AD85673CC}.Release|x86.Build.0 = Release|Win32
		{08F6658C-96BE-43CD-AF5D-090AD85673CC}.ReleaseWithSSL MT|x64.ActiveCfg = Release|x64
		{08F6658C-96BE-43CD-AF5D-090AD85673CC}.ReleaseWithSSL MT|x64.Build.0 = Release|x64
		{08F6658C-96BE-43CD-AF5D-090AD85673CC}.ReleaseWithSSL MT|x86.ActiveCfg = Release|Win32
		{08F6658C-96BE-43CD-AF5D-090AD85673CC}.ReleaseWithSSL|x64.ActiveCfg = Release|x64
		{08F6658C-96BE-43CD-AF5D-090AD85673CC}.ReleaseWithSSL|x64.Build.0 = Release|x64
		{08F6658C-96BE-43CD-AF5D-090AD85673CC}.ReleaseWithSSL|x86.ActiveCfg = Release|Win32
		{08F6658C-96BE-43CD-AF5D-090AD85673CC}.ReleaseWithSSL|x86.Build.0 = Release|Win32
		{841FA89C-34F1-4180-BECC-193231E68E8F}.Debug Standalone|x64.ActiveCfg = Debug|x64
		{841FA89C-34F1-4180-BECC-193231E68E8F}.Debug Standalone|x64.Build.0 = Debug|x64
		{841FA89C-34F1-4180-BECC-193231E68E8F}.Debug Standalone|x86.ActiveCfg = Debug|Win32
		{841FA89C-34F1-4180-BECC-193231E68E8F}.Debug Standalone|x86.Build.0 = Debug|Win32
		{841FA89C-34F1-4180-BECC-193231E68E8F}.Debug|x64.ActiveCfg = Debug|x64
		{841FA89C-34F1-4180-BECC-193231E68E8F}.Debug|x64.Build.0 = Debug|x64
		{841FA89C-34F1-4180-BECC-193231E68E8F}.Debug|x86.ActiveCfg = Debug|Win32
		{841FA89C-34F1-4180-BECC-193231E68E8F}.Debug|x86.Build.0 = Debug|Win32
		{841FA89C-34F1-4180-BECC-193231E68E8F}.Release Standalone|x64.ActiveCfg = Release|x64
		{841FA89C-34F1-4180-BECC-193231E68E8F}.Release Standalone|x64.Build.0 = Release|x64
		{841FA89C-34F1-4180-BECC-193231E68E8F}.Release Standalone|x86.ActiveCfg = Release|Win32
		{841FA89C-34F1-4180-BECC-193231E68E8F}.Release Standalone|x86.Build.0 = Release|Win32
		{841FA89C-34F1-4180-BECC-193231E68E8F}.Release|x64.ActiveCfg = Release|x64
		{841FA89C-34F1-4180-BECC-193231E68E8F}.Release|x64.Build.0 = Release|x64
		{841FA89C-34F1-4180-BECC-193231E68E8F}.Release|x86.ActiveCfg = Release|Win32
		{841FA89C-34F1-4180-BECC-193231E68E8F}.Release|x86.Build.0 = Release|Win32
		{841FA89C-34F1-4180-BECC-193231E68E8F}.ReleaseWithSSL MT|x64.ActiveCfg = Release|x64
		{841FA89C-34F1-4180-BECC-193231E68E8F}.ReleaseWithSSL MT|x64.Build.0 = Release|x64
		{841FA89C-34F1-4180-BECC-193231E68E8F}.ReleaseWithSSL MT|x86.ActiveCfg = Release|Win32
		{841FA89C-34F1-4180-BECC-193231E68E8F}.ReleaseWithSSL|x64.ActiveCfg = Release|x64
		{841FA89C-34F1-4180-BECC-193231E68E8F}.ReleaseWithSSL|x64.Build.0 = Release|x64
		{841FA89C-34F1-4180-BECC-193231E68E8F}.ReleaseWithSSL|x86.ActiveCfg = Release|Win32
		{841FA89C-34F1-4180-BECC-193231E68E8F}.ReleaseWithSSL|x86.Build.0 = Release|Win32
		{8D1AE2D0-94D2-4705-91B2-CA824F565537}.Debug Standalone|x64.ActiveCfg = Debug|x64
		{8D1AE2D0-94D2-4705-91B2-CA824F565537}.Debug Standalone|x64.Build.0 = Debug|x64
		{8D1AE2D0-94D2-4705-91B2-CA824F565537}.Debug Standalone|x86.ActiveCfg = Debug|Win32
		{8D1AE2D0-94D2-4705-91B2-CA824F565537}.Debug Standalone|x86.Build.0 = Debug|Win32
		{8D1AE2D0-94D2-4705-91B2-CA824F565537}.Debug|x64.ActiveCfg = Debug|x64
		{8D1AE2D0-94D2-4705-91B2-CA824F565537}.Debug|x64.Build.0 = Debug|x64
		{8D1AE2D0-94D2-4705-91B2-CA824F565537}.Debug|x86.ActiveCfg = Debug|Win32
		{8D1AE2D0-94D2-4705-91B2-CA824F565537}.Debug|x86.Build.0 = Debug|Win32
		{8D1AE2D0-94D2-4705-91B2-CA824F565537}.Release Standalone|x64.ActiveCfg = Release|x64
		{8D1AE2D0-94D2-4705-91B2-CA824F565537}.Release Standalone|x64.Build.0 = Release|x64
		{8D1AE2D0-94D2-4705-91B2-CA824F565537}.Release Standalone|x86.ActiveCfg = Release|Win32
		{8D1AE2D0-94D2-4705-91B2-CA824F565537}.Release Standalone|x86.Build.0 = Release|Win32
		{8D1AE2D0-94D2-4705-91B2-CA824F565537}.Release|x64.ActiveCfg = Release|x64
		{8D1AE2D0-94D2-4705-91B2-CA824F565537}.Release|x64.Build.0 = Release|x64
		{8D1AE2D0-94D2-4705-91B2-CA824F565537}.Release|x86.ActiveCfg = Release|Win32
		{8D1AE2D0-94D2-4705-91B2-CA824F565537}.Release|x86.Build.0 = Release|Win32
		{8D1AE2D0-94D2-4705-91B2-CA824F565537}.ReleaseWithSSL MT|x64.ActiveCfg = Release|x64
		{8D1AE2D0-94D2-4705-91B2-CA824F565537}.ReleaseWithSSL MT|x64.Build.0 = Release|x64
		{8D1AE2D0-94D2-4705-91B2-CA824F565537}.ReleaseWithSSL MT|x86.ActiveCfg = Release|Win32
		{8D1AE2D0-94D2-4705-91B2-CA824F565537}.ReleaseWithSSL|x64.ActiveCfg = Release|x64
		{8D1AE2D0-94D2-4705-91B2-CA824F565537}.ReleaseWithSSL|x64.Build.0 = Release|x64
		{8D1AE2D0-94D2-4705-91B2-CA824F565537}.ReleaseWithSSL|x86.ActiveCfg = Release|Win32
		{8D1AE2D0-94D2-4705-91B2-CA824F565537}.ReleaseWithSSL|x86.Build.0 = Release|Win32
		{C7EEA4BB-E7EC-4347-AC7A-16893FC01446}.Debug Standalone|x64.ActiveCfg = Debug|x64
		{C7EEA4BB-E7EC-4347-AC7A-16893FC01446}.Debug Standalone|x64.Build.0 = Debug|x64
		{C7EEA4BB-E7EC-4347-AC7A-16893FC01446}.Debug Standalone|x86.ActiveCfg = Debug|Win32
		{C7EEA4BB-E7EC-4347-AC7A-16893FC01446}.Debug Standalone|x86.Build.0 = Debug|Win32
		{C7EEA4BB-E7EC-4347-AC7A-16893FC01446}.Debug|x64.ActiveCfg = Debug|x64
		{C7EEA4BB-E7EC-4347-AC7A-16893FC01446}.Debug|x64.Build.0 = Debug|x64
		{C7EEA4BB-E7EC-4347-AC7A-16893FC01446}.Debug|x86.ActiveCfg = Debug|Win32
		{C7EEA4BB-E7EC-4347-AC7A-16893FC01446}.Debug|x86.Build.0 = Debug|Win32
		{C7EEA4BB-E7EC-4347-AC7A-16893FC01446}.Release Standalone|x64.ActiveCfg = Release|x64
		{C7EEA4BB-E7EC-4347-AC7A-16893FC01446}.Release Standalone|x64.Build.0 = Release|x64
		{C7EEA4BB-E7EC-4347-AC7A-16893FC01446}.Release Standalone|x86.ActiveCfg = Release|Win32
		{C7EEA4BB-E7EC-4347-AC7A-16893FC01446}.Release Standalone|x86.Build.0 = Release|Win32
		{C7EEA4BB-E7EC-4347-AC7A-16893FC01446}.Release|x64.ActiveCfg = Release|x64
		{C7EEA4BB-E7EC-4347-AC7A-16893FC01446}.Release|x64.Build.0 = Release|x64
		{C7EEA4BB-E7EC-4347-AC7A-16893FC01446}.Release|x86.ActiveCfg = Release|Win32
		{C7EEA4BB-E7EC-4347-AC7A-16893FC01446}.Release|x86.Build.0 = Release|Win32
		{C7EEA4BB-E7EC-4347-AC7A-16893FC01446}.ReleaseWithSSL MT|x64.ActiveCfg = Release|x64
		{C7EEA4BB-E7EC-4347-AC7A-16893FC01446}.ReleaseWithSSL MT|x64.Build.0 = Release|x64
		{C7EEA4BB-E7EC-4347-AC7A-16893FC01446}.ReleaseWithSSL MT|x86.ActiveCfg = Release|Win32
		{C7EEA4BB-E7EC-4347-AC7A-16893FC01446}.ReleaseWithSSL MT|x86.Build.0 = Release|Win32
		{C7EEA4BB-E7EC-4347-AC7A-16893FC01446}.ReleaseWithSSL|x64.ActiveCfg = Release|x64
		{C7EEA4BB-E7EC-4347-AC7A-16893FC01446}.ReleaseWithSSL|x64.Build.0 = Release|x64
		{C7EEA4BB-E7EC-4347-AC7A-16893FC01446}.ReleaseWithSSL|x86.ActiveCfg = Release|Win32
		{C7EEA4BB-E7EC-4347-AC7A-16893FC01446}.ReleaseWithSSL|x86.Build.0 = Release|Win32
	EndGlobalSection
	GlobalSection(SolutionProperties) = preSolution
		HideSolutionNode = FALSE
	EndGlobalSection
	GlobalSection(ExtensibilityGlobals) = postSolution
		SolutionGuid = {27A2476F-7CED-4A80-8446-7F870A69C817}
	EndGlobalSection
EndGlobal
