<?xml version="1.0" encoding="utf-8"?>
<Project ToolsVersion="4.0" xmlns="http://schemas.microsoft.com/developer/msbuild/2003">
  <ItemGroup>
    <Filter Include="Source Files">
      <UniqueIdentifier>{4FC737F1-C7A5-4376-A066-2A32D752A2FF}</UniqueIdentifier>
      <Extensions>cpp;c;cc;cxx;def;odl;idl;hpj;bat;asm;asmx</Extensions>
    </Filter>
    <Filter Include="Resource Files">
      <UniqueIdentifier>{67DA6AB6-F800-4c08-8B7A-83BB121AAD01}</UniqueIdentifier>
      <Extensions>rc;ico;cur;bmp;dlg;rc2;rct;bin;rgs;gif;jpg;jpeg;jpe;resx;tiff;tif;png;wav;mfcribbon-ms</Extensions>
    </Filter>
    <Filter Include="Source Files\Elements">
      <UniqueIdentifier>{a8fed3a2-803e-4f13-857a-dc6071336080}</UniqueIdentifier>
    </Filter>
    <Filter Include="Source Files\Utils">
      <UniqueIdentifier>{333e508b-9630-4ac2-b612-be53b8b3013f}</UniqueIdentifier>
    </Filter>
    <Filter Include="Source Files\Core">
      <UniqueIdentifier>{74601cc6-d43e-4b5e-93e6-01788cd699d8}</UniqueIdentifier>
    </Filter>
  </ItemGroup>
  <ItemGroup>
    <ClCompile Include="Forms\MainForm.cpp">
      <Filter>Resource Files</Filter>
    </ClCompile>
    <ClCompile Include="main.cpp">
      <Filter>Source Files</Filter>
    </ClCompile>
    <ClCompile Include="Forms\MagnetInputForm.cpp">
      <Filter>Resource Files</Filter>
    </ClCompile>
    <ClCompile Include="Forms\SettingsForm.cpp">
      <Filter>Resource Files</Filter>
    </ClCompile>
    <ClCompile Include="Forms\FileSelectionForm.cpp">
      <Filter>Resource Files</Filter>
    </ClCompile>
    <ClCompile Include="Forms\AddPeerForm.cpp">
      <Filter>Resource Files</Filter>
    </ClCompile>
    <ClCompile Include="Forms\ScheduleForm.cpp">
      <Filter>Resource Files</Filter>
    </ClCompile>
    <ClCompile Include="Utils\Utils.cpp">
      <Filter>Source Files\Utils</Filter>
    </ClCompile>
    <ClCompile Include="Elements\FileSelection.cpp">
      <Filter>Source Files\Elements</Filter>
    </ClCompile>
    <ClCompile Include="Elements\MagnetProgress.cpp">
      <Filter>Source Files\Elements</Filter>
    </ClCompile>
    <ClCompile Include="Elements\SpeedChart.cpp">
      <Filter>Source Files\Elements</Filter>
    </ClCompile>
    <ClCompile Include="Elements\PiecesProgress.cpp">
      <Filter>Source Files\Elements</Filter>
    </ClCompile>
    <ClCompile Include="Elements\TorrentsView.cpp">
      <Filter>Source Files\Elements</Filter>
    </ClCompile>
    <ClCompile Include="Elements\Scheduler.cpp">
      <Filter>Source Files\Elements</Filter>
    </ClCompile>
    <ClCompile Include="Elements\Settings.cpp">
      <Filter>Source Files\Elements</Filter>
    </ClCompile>
    <ClCompile Include="..\mtTorrent\utils\HexEncoding.cpp">
      <Filter>Source Files\Utils</Filter>
    </ClCompile>
    <ClCompile Include="..\mtTorrent\Public\ModuleString.cpp">
      <Filter>Source Files\Utils</Filter>
    </ClCompile>
    <ClCompile Include="AppCore.cpp">
      <Filter>Source Files\Core</Filter>
    </ClCompile>
    <ClCompile Include="AppCoreCallbacks.cpp">
      <Filter>Source Files\Core</Filter>
    </ClCompile>
  </ItemGroup>
  <ItemGroup>
    <ClInclude Include="Forms\MainForm.h">
      <Filter>Resource Files</Filter>
    </ClInclude>
    <ClInclude Include="Forms\MagnetInputForm.h">
      <Filter>Resource Files</Filter>
    </ClInclude>
    <ClInclude Include="Forms\SettingsForm.h">
      <Filter>Resource Files</Filter>
    </ClInclude>
    <ClInclude Include="Forms\FileSelectionForm.h">
      <Filter>Resource Files</Filter>
    </ClInclude>
    <ClInclude Include="Forms\AddPeerForm.h">
      <Filter>Resource Files</Filter>
    </ClInclude>
    <ClInclude Include="Forms\ScheduleForm.h">
      <Filter>Resource Files</Filter>
    </ClInclude>
    <ClInclude Include="Elements\SpeedChart.h">
      <Filter>Source Files\Elements</Filter>
    </ClInclude>
    <ClInclude Include="Elements\FileSelection.h">
      <Filter>Source Files\Elements</Filter>
    </ClInclude>
    <ClInclude Include="Elements\MagnetProgress.h">
      <Filter>Source Files\Elements</Filter>
    </ClInclude>
    <ClInclude Include="Elements\Settings.h">
      <Filter>Source Files\Elements</Filter>
    </ClInclude>
    <ClInclude Include="Utils\Utils.h">
      <Filter>Source Files\Utils</Filter>
    </ClInclude>
    <ClInclude Include="Elements\TorrentsView.h">
      <Filter>Source Files\Elements</Filter>
    </ClInclude>
    <ClInclude Include="Elements\PiecesProgress.h">
      <Filter>Source Files\Elements</Filter>
    </ClInclude>
    <ClInclude Include="Elements\Scheduler.h">
      <Filter>Source Files\Elements</Filter>
    </ClInclude>
    <ClInclude Include="AppCore.h">
      <Filter>Source Files\Core</Filter>
    </ClInclude>
    <ClInclude Include="AppCoreCallbacks.h">
      <Filter>Source Files\Core</Filter>
    </ClInclude>
    <ClInclude Include="CrossProcessComm.h">
      <Filter>Source Files\Core</Filter>
    </ClInclude>
    <ClInclude Include="MttLibrary.h">
      <Filter>Source Files\Core</Filter>
    </ClInclude>
  </ItemGroup>
  <ItemGroup>
    <EmbeddedResource Include="Forms\MainForm.resx">
      <Filter>Resource Files</Filter>
    </EmbeddedResource>
    <EmbeddedResource Include="Forms\MagnetInputForm.resx">
      <Filter>Resource Files</Filter>
    </EmbeddedResource>
    <EmbeddedResource Include="Forms\AddPeerForm.resx">
      <Filter>Resource Files</Filter>
    </EmbeddedResource>
    <EmbeddedResource Include="Forms\FileSelectionForm.resx">
      <Filter>Resource Files</Filter>
    </EmbeddedResource>
    <EmbeddedResource Include="Forms\MagnetInputForm.resx">
      <Filter>Resource Files</Filter>
    </EmbeddedResource>
    <EmbeddedResource Include="Forms\MainForm.resx">
      <Filter>Resource Files</Filter>
    </EmbeddedResource>
    <EmbeddedResource Include="Forms\ScheduleForm.resx">
      <Filter>Resource Files</Filter>
    </EmbeddedResource>
    <EmbeddedResource Include="Forms\SettingsForm.resx">
      <Filter>Resource Files</Filter>
    </EmbeddedResource>
    <EmbeddedResource Include="Forms\AddPeerForm.resx">
      <Filter>Resource Files</Filter>
    </EmbeddedResource>
    <EmbeddedResource Include="Forms\FileSelectionForm.resx">
      <Filter>Resource Files</Filter>
    </EmbeddedResource>
    <EmbeddedResource Include="Forms\MagnetInputForm.resx">
      <Filter>Resource Files</Filter>
    </EmbeddedResource>
    <EmbeddedResource Include="Forms\MainForm.resx">
      <Filter>Resource Files</Filter>
    </EmbeddedResource>
    <EmbeddedResource Include="Forms\ScheduleForm.resx">
      <Filter>Resource Files</Filter>
    </EmbeddedResource>
    <EmbeddedResource Include="Forms\SettingsForm.resx">
      <Filter>Resource Files</Filter>
    </EmbeddedResource>
  </ItemGroup>
  <ItemGroup>
    <ResourceCompile Include="mtTorrentLiteGui.rc">
      <Filter>Resource Files</Filter>
    </ResourceCompile>
  </ItemGroup>
</Project>