<?xml version="1.0" encoding="utf-8"?>
<Project ToolsVersion="4.0" xmlns="http://schemas.microsoft.com/developer/msbuild/2003">
  <ItemGroup>
    <Filter Include="Source Files">
      <UniqueIdentifier>{4FC737F1-C7A5-4376-A066-2A32D752A2FF}</UniqueIdentifier>
      <Extensions>cpp;c;cc;cxx;def;odl;idl;hpj;bat;asm;asmx</Extensions>
    </Filter>
    <Filter Include="Source Files\Core">
      <UniqueIdentifier>{956eb943-9978-42b3-b382-2ac0742ade1f}</UniqueIdentifier>
    </Filter>
    <Filter Include="Source Files\Core\Torrent">
      <UniqueIdentifier>{913e770b-8b3a-45b7-aa70-a9db2c8abc47}</UniqueIdentifier>
    </Filter>
    <Filter Include="Source Files\Core\Torrent\Download">
      <UniqueIdentifier>{1bd05d52-d5e4-41d5-adc5-9252f5314b8c}</UniqueIdentifier>
    </Filter>
    <Filter Include="Source Files\Core\Torrent\Protocol">
      <UniqueIdentifier>{fc624ad9-2e00-45a6-b029-64de25ae3d7b}</UniqueIdentifier>
    </Filter>
    <Filter Include="Source Files\Utils">
      <UniqueIdentifier>{8c576c55-78ce-47ad-97d2-3968987cb6c6}</UniqueIdentifier>
    </Filter>
    <Filter Include="Source Files\Core\Torrent\Dht">
      <UniqueIdentifier>{2be78120-b9ea-4798-81cf-9059ab6bc814}</UniqueIdentifier>
    </Filter>
    <Filter Include="Source Files\Core\Proposal">
      <UniqueIdentifier>{f699ff89-bf4b-4991-84c0-809ff9af92c1}</UniqueIdentifier>
    </Filter>
  </ItemGroup>
  <ItemGroup>
    <ClCompile Include="main.cpp">
      <Filter>Source Files</Filter>
    </ClCompile>
    <ClCompile Include="ExtensionProtocol.cpp">
      <Filter>Source Files\Core\Torrent\Protocol</Filter>
    </ClCompile>
    <ClCompile Include="PeerMessage.cpp">
      <Filter>Source Files\Core\Torrent\Protocol</Filter>
    </ClCompile>
    <ClCompile Include="Storage.cpp">
      <Filter>Source Files\Core\Torrent\Download</Filter>
    </ClCompile>
    <ClCompile Include="BencodeParser.cpp">
      <Filter>Source Files\Utils</Filter>
    </ClCompile>
    <ClCompile Include="UdpTrackerComm.cpp">
      <Filter>Source Files\Core\Torrent\Protocol</Filter>
    </ClCompile>
    <ClCompile Include="TcpAsyncStream.cpp">
      <Filter>Source Files\Utils</Filter>
    </ClCompile>
    <ClCompile Include="Network.cpp">
      <Filter>Source Files\Utils</Filter>
    </ClCompile>
    <ClCompile Include="HttpTrackerComm.cpp">
      <Filter>Source Files\Core\Torrent\Protocol</Filter>
    </ClCompile>
    <ClCompile Include="RiotRestApi.cpp">
      <Filter>Source Files\Utils</Filter>
    </ClCompile>
    <ClCompile Include="DhtCommunication.cpp">
      <Filter>Source Files\Core\Torrent\Dht</Filter>
    </ClCompile>
    <ClCompile Include="TcpAsyncServer.cpp">
      <Filter>Source Files\Utils</Filter>
    </ClCompile>
    <ClCompile Include="PeerCommunication2.cpp">
      <Filter>Source Files\Core\Proposal</Filter>
    </ClCompile>
    <ClCompile Include="Interface2.cpp">
      <Filter>Source Files\Core\Proposal</Filter>
    </ClCompile>
    <ClCompile Include="PiecesProgress.cpp">
      <Filter>Source Files\Core\Proposal</Filter>
    </ClCompile>
    <ClCompile Include="Configuration.cpp">
      <Filter>Source Files\Core\Proposal</Filter>
    </ClCompile>
    <ClCompile Include="Test.cpp">
      <Filter>Source Files\Utils</Filter>
    </ClCompile>
    <ClCompile Include="ServiceThreadpool.cpp">
      <Filter>Source Files\Core\Proposal</Filter>
    </ClCompile>
    <ClCompile Include="MetadataReconstruction.cpp">
      <Filter>Source Files\Core\Proposal</Filter>
    </ClCompile>
  </ItemGroup>
  <ItemGroup>
    <ClInclude Include="PacketHelper.h">
      <Filter>Source Files\Utils</Filter>
    </ClInclude>
    <ClInclude Include="Storage.h">
      <Filter>Source Files\Core\Torrent\Download</Filter>
    </ClInclude>
    <ClInclude Include="UdpTrackerComm.h">
      <Filter>Source Files\Core\Torrent\Protocol</Filter>
    </ClInclude>
    <ClInclude Include="TcpAsyncStream.h">
      <Filter>Source Files\Utils</Filter>
    </ClInclude>
    <ClInclude Include="PeerMessage.h">
      <Filter>Source Files\Core\Torrent\Protocol</Filter>
    </ClInclude>
    <ClInclude Include="Network.h">
      <Filter>Source Files\Utils</Filter>
    </ClInclude>
    <ClInclude Include="HttpTrackerComm.h">
      <Filter>Source Files\Core\Torrent\Protocol</Filter>
    </ClInclude>
    <ClInclude Include="BencodeParser.h">
      <Filter>Source Files\Utils</Filter>
    </ClInclude>
    <ClInclude Include="ExtensionProtocol.h">
      <Filter>Source Files\Core\Torrent\Protocol</Filter>
    </ClInclude>
    <ClInclude Include="RiotRestApi.h">
      <Filter>Source Files\Utils</Filter>
    </ClInclude>
    <ClInclude Include="Interface.h">
      <Filter>Source Files</Filter>
    </ClInclude>
    <ClInclude Include="DhtCommunication.h">
      <Filter>Source Files\Core\Torrent\Dht</Filter>
    </ClInclude>
    <ClInclude Include="utils\Base32.h">
      <Filter>Source Files\Utils</Filter>
    </ClInclude>
    <ClInclude Include="TcpAsyncServer.h">
      <Filter>Source Files\Utils</Filter>
    </ClInclude>
    <ClInclude Include="PeerCommunication2.h">
      <Filter>Source Files\Core\Proposal</Filter>
    </ClInclude>
    <ClInclude Include="PeerMgr2.h">
      <Filter>Source Files\Core\Proposal</Filter>
    </ClInclude>
    <ClInclude Include="Scheduler.h">
      <Filter>Source Files\Core\Proposal</Filter>
    </ClInclude>
    <ClInclude Include="DhtControl.h">
      <Filter>Source Files\Core\Proposal</Filter>
    </ClInclude>
    <ClInclude Include="Interface2.h">
      <Filter>Source Files\Core\Proposal</Filter>
    </ClInclude>
    <ClInclude Include="Configuration.h">
      <Filter>Source Files\Core\Proposal</Filter>
    </ClInclude>
    <ClInclude Include="TrackerManager.h">
      <Filter>Source Files\Core\Proposal</Filter>
    </ClInclude>
    <ClInclude Include="IPeerListener.h">
      <Filter>Source Files\Core\Proposal</Filter>
    </ClInclude>
    <ClInclude Include="ServiceThreadpool.h">
      <Filter>Source Files\Core\Proposal</Filter>
    </ClInclude>
    <ClInclude Include="PiecesProgress.h">
      <Filter>Source Files\Core\Proposal</Filter>
    </ClInclude>
    <ClInclude Include="Test.h">
      <Filter>Source Files\Utils</Filter>
    </ClInclude>
    <ClInclude Include="MetadataReconstruction.h">
      <Filter>Source Files\Core\Proposal</Filter>
    </ClInclude>
  </ItemGroup>
</Project>