<?xml version="1.0" encoding="utf-8"?>
<Project ToolsVersion="4.0" xmlns="http://schemas.microsoft.com/developer/msbuild/2003">
  <ItemGroup>
    <Filter Include="Source Files">
      <UniqueIdentifier>{4FC737F1-C7A5-4376-A066-2A32D752A2FF}</UniqueIdentifier>
      <Extensions>cpp;c;cc;cxx;def;odl;idl;hpj;bat;asm;asmx</Extensions>
    </Filter>
    <Filter Include="Source Files\Core">
      <UniqueIdentifier>{956eb943-9978-42b3-b382-2ac0742ade1f}</UniqueIdentifier>
    </Filter>
    <Filter Include="Source Files\Core\Torrent">
      <UniqueIdentifier>{913e770b-8b3a-45b7-aa70-a9db2c8abc47}</UniqueIdentifier>
    </Filter>
    <Filter Include="Source Files\Utils">
      <UniqueIdentifier>{8c576c55-78ce-47ad-97d2-3968987cb6c6}</UniqueIdentifier>
    </Filter>
    <Filter Include="Source Files\Core\Torrent\Dht">
      <UniqueIdentifier>{2be78120-b9ea-4798-81cf-9059ab6bc814}</UniqueIdentifier>
    </Filter>
    <Filter Include="Source Files\Core\Torrent\Tracker">
      <UniqueIdentifier>{0c6791af-c20e-4aab-8674-a5965e4acb33}</UniqueIdentifier>
    </Filter>
    <Filter Include="Source Files\Core\Torrent\Peer">
      <UniqueIdentifier>{f699ff89-bf4b-4991-84c0-809ff9af92c1}</UniqueIdentifier>
    </Filter>
    <Filter Include="Source Files\Core\Torrent\Peer\Protocol">
      <UniqueIdentifier>{fc624ad9-2e00-45a6-b029-64de25ae3d7b}</UniqueIdentifier>
    </Filter>
    <Filter Include="Source Files\Core\Torrent\Files">
      <UniqueIdentifier>{1bd05d52-d5e4-41d5-adc5-9252f5314b8c}</UniqueIdentifier>
    </Filter>
    <Filter Include="Source Files\Core\Torrent\Control">
      <UniqueIdentifier>{e067254d-f095-4c48-b4c0-e3205484075e}</UniqueIdentifier>
    </Filter>
    <Filter Include="Source Files\Core\General">
      <UniqueIdentifier>{7854d554-0259-41b2-825f-836e7e52140a}</UniqueIdentifier>
    </Filter>
    <Filter Include="Source Files\Core\Torrent\State">
      <UniqueIdentifier>{3c563459-20dd-404c-a4a2-d84628948432}</UniqueIdentifier>
    </Filter>
    <Filter Include="Source Files\Public">
      <UniqueIdentifier>{a3db1c69-72bb-43d8-b3c3-58deba75dabf}</UniqueIdentifier>
    </Filter>
  </ItemGroup>
  <ItemGroup>
    <ClCompile Include="Core\main.cpp">
      <Filter>Source Files</Filter>
    </ClCompile>
    <ClCompile Include="Core\ExtensionProtocol.cpp">
      <Filter>Source Files\Core\Torrent\Peer\Protocol</Filter>
    </ClCompile>
    <ClCompile Include="Core\PeerMessage.cpp">
      <Filter>Source Files\Core\Torrent\Peer\Protocol</Filter>
    </ClCompile>
    <ClCompile Include="Core\Storage.cpp">
      <Filter>Source Files\Core\Torrent\Files</Filter>
    </ClCompile>
    <ClCompile Include="Core\MetadataReconstruction.cpp">
      <Filter>Source Files\Core\Torrent\Peer</Filter>
    </ClCompile>
    <ClCompile Include="Core\PeerCommunication.cpp">
      <Filter>Source Files\Core\Torrent\Peer</Filter>
    </ClCompile>
    <ClCompile Include="Core\HttpTrackerComm.cpp">
      <Filter>Source Files\Core\Torrent\Tracker</Filter>
    </ClCompile>
    <ClCompile Include="Core\UdpTrackerComm.cpp">
      <Filter>Source Files\Core\Torrent\Tracker</Filter>
    </ClCompile>
    <ClCompile Include="Core\TrackerManager.cpp">
      <Filter>Source Files\Core\Torrent\Tracker</Filter>
    </ClCompile>
    <ClCompile Include="Core\Dht\Communication.cpp">
      <Filter>Source Files\Core\Torrent\Dht</Filter>
    </ClCompile>
    <ClCompile Include="Core\Dht\Table.cpp">
      <Filter>Source Files\Core\Torrent\Dht</Filter>
    </ClCompile>
    <ClCompile Include="Core\Dht\Query.cpp">
      <Filter>Source Files\Core\Torrent\Dht</Filter>
    </ClCompile>
    <ClCompile Include="Core\Test.cpp">
      <Filter>Source Files</Filter>
    </ClCompile>
    <ClCompile Include="Core\PiecesProgress.cpp">
      <Filter>Source Files\Core\Torrent\Files</Filter>
    </ClCompile>
    <ClCompile Include="utils\Base32.cpp">
      <Filter>Source Files\Utils</Filter>
    </ClCompile>
    <ClCompile Include="utils\HexEncoding.cpp">
      <Filter>Source Files\Utils</Filter>
    </ClCompile>
    <ClCompile Include="utils\Network.cpp">
      <Filter>Source Files\Utils</Filter>
    </ClCompile>
    <ClCompile Include="utils\RiotRestApi.cpp">
      <Filter>Source Files\Utils</Filter>
    </ClCompile>
    <ClCompile Include="utils\ServiceThreadpool.cpp">
      <Filter>Source Files\Utils</Filter>
    </ClCompile>
    <ClCompile Include="utils\TcpAsyncServer.cpp">
      <Filter>Source Files\Utils</Filter>
    </ClCompile>
    <ClCompile Include="utils\TcpAsyncStream.cpp">
      <Filter>Source Files\Utils</Filter>
    </ClCompile>
    <ClCompile Include="utils\UrlEncoding.cpp">
      <Filter>Source Files\Utils</Filter>
    </ClCompile>
    <ClCompile Include="Core\Configuration.cpp">
      <Filter>Source Files\Core\General</Filter>
    </ClCompile>
    <ClCompile Include="Core\Interface.cpp">
      <Filter>Source Files\Core\General</Filter>
    </ClCompile>
    <ClCompile Include="Core\Logging.cpp">
      <Filter>Source Files\Core\General</Filter>
    </ClCompile>
    <ClCompile Include="Core\Dht\Node.cpp">
      <Filter>Source Files\Core\Torrent\Dht</Filter>
    </ClCompile>
    <ClCompile Include="utils\UdpAsyncWriter.cpp">
      <Filter>Source Files\Utils</Filter>
    </ClCompile>
    <ClCompile Include="utils\UdpAsyncComm.cpp">
      <Filter>Source Files\Utils</Filter>
    </ClCompile>
    <ClCompile Include="utils\UdpAsyncReceiver.cpp">
      <Filter>Source Files\Utils</Filter>
    </ClCompile>
    <ClCompile Include="utils\ScheduledTimer.cpp">
      <Filter>Source Files\Utils</Filter>
    </ClCompile>
    <ClCompile Include="utils\TorrentFileParser.cpp">
      <Filter>Source Files\Utils</Filter>
    </ClCompile>
    <ClCompile Include="utils\BencodeParser.cpp">
      <Filter>Source Files\Utils</Filter>
    </ClCompile>
    <ClCompile Include="Core\Dht\Responder.cpp">
      <Filter>Source Files\Core\Torrent\Dht</Filter>
    </ClCompile>
    <ClCompile Include="Core\State.cpp">
      <Filter>Source Files\Core\Torrent\State</Filter>
    </ClCompile>
    <ClCompile Include="Core\Torrent.cpp">
      <Filter>Source Files\Core\Torrent\Control</Filter>
    </ClCompile>
    <ClCompile Include="Core\Downloader.cpp">
      <Filter>Source Files\Core\Torrent\Control</Filter>
    </ClCompile>
    <ClCompile Include="Core\Files.cpp">
      <Filter>Source Files\Core\Torrent\Files</Filter>
    </ClCompile>
    <ClCompile Include="Core\Peers.cpp">
      <Filter>Source Files\Core\Torrent\Control</Filter>
    </ClCompile>
    <ClCompile Include="Core\Core.cpp">
      <Filter>Source Files\Core</Filter>
    </ClCompile>
    <ClCompile Include="Core\Uploader.cpp">
      <Filter>Source Files\Core\Torrent\Control</Filter>
    </ClCompile>
    <ClCompile Include="Public\BinaryInterface.cpp">
      <Filter>Source Files\Public</Filter>
    </ClCompile>
    <ClCompile Include="Core\MetadataDownload.cpp">
      <Filter>Source Files\Core\Torrent\Control</Filter>
    </ClCompile>
    <ClCompile Include="Core\IncomingPeersListener.cpp">
      <Filter>Source Files\Core\Torrent\Control</Filter>
    </ClCompile>
  </ItemGroup>
  <ItemGroup>
    <ClInclude Include="Core\Storage.h">
      <Filter>Source Files\Core\Torrent\Files</Filter>
    </ClInclude>
    <ClInclude Include="Core\PeerMessage.h">
      <Filter>Source Files\Core\Torrent\Peer\Protocol</Filter>
    </ClInclude>
    <ClInclude Include="Core\ExtensionProtocol.h">
      <Filter>Source Files\Core\Torrent\Peer\Protocol</Filter>
    </ClInclude>
    <ClInclude Include="Core\IPeerListener.h">
      <Filter>Source Files\Core\Torrent\Peer</Filter>
    </ClInclude>
    <ClInclude Include="Core\MetadataReconstruction.h">
      <Filter>Source Files\Core\Torrent\Peer</Filter>
    </ClInclude>
    <ClInclude Include="Core\PeerCommunication.h">
      <Filter>Source Files\Core\Torrent\Peer</Filter>
    </ClInclude>
    <ClInclude Include="Core\TrackerManager.h">
      <Filter>Source Files\Core\Torrent\Tracker</Filter>
    </ClInclude>
    <ClInclude Include="Core\HttpTrackerComm.h">
      <Filter>Source Files\Core\Torrent\Tracker</Filter>
    </ClInclude>
    <ClInclude Include="Core\UdpTrackerComm.h">
      <Filter>Source Files\Core\Torrent\Tracker</Filter>
    </ClInclude>
    <ClInclude Include="Core\ITracker.h">
      <Filter>Source Files\Core\Torrent\Tracker</Filter>
    </ClInclude>
    <ClInclude Include="Core\Dht\Communication.h">
      <Filter>Source Files\Core\Torrent\Dht</Filter>
    </ClInclude>
    <ClInclude Include="Core\Dht\Table.h">
      <Filter>Source Files\Core\Torrent\Dht</Filter>
    </ClInclude>
    <ClInclude Include="Core\Dht\Query.h">
      <Filter>Source Files\Core\Torrent\Dht</Filter>
    </ClInclude>
    <ClInclude Include="Core\PiecesProgress.h">
      <Filter>Source Files\Core\Torrent\Files</Filter>
    </ClInclude>
    <ClInclude Include="utils\Base32.h">
      <Filter>Source Files\Utils</Filter>
    </ClInclude>
    <ClInclude Include="utils\HexEncoding.h">
      <Filter>Source Files\Utils</Filter>
    </ClInclude>
    <ClInclude Include="utils\Network.h">
      <Filter>Source Files\Utils</Filter>
    </ClInclude>
    <ClInclude Include="utils\RiotRestApi.h">
      <Filter>Source Files\Utils</Filter>
    </ClInclude>
    <ClInclude Include="utils\ServiceThreadpool.h">
      <Filter>Source Files\Utils</Filter>
    </ClInclude>
    <ClInclude Include="utils\TcpAsyncServer.h">
      <Filter>Source Files\Utils</Filter>
    </ClInclude>
    <ClInclude Include="utils\TcpAsyncStream.h">
      <Filter>Source Files\Utils</Filter>
    </ClInclude>
    <ClInclude Include="utils\UrlEncoding.h">
      <Filter>Source Files\Utils</Filter>
    </ClInclude>
    <ClInclude Include="Core\Configuration.h">
      <Filter>Source Files\Core\General</Filter>
    </ClInclude>
    <ClInclude Include="Core\Logging.h">
      <Filter>Source Files\Core\General</Filter>
    </ClInclude>
    <ClInclude Include="Core\Dht\Node.h">
      <Filter>Source Files\Core\Torrent\Dht</Filter>
    </ClInclude>
    <ClInclude Include="Core\Test.h">
      <Filter>Source Files</Filter>
    </ClInclude>
    <ClInclude Include="utils\UdpAsyncWriter.h">
      <Filter>Source Files\Utils</Filter>
    </ClInclude>
    <ClInclude Include="utils\UdpAsyncComm.h">
      <Filter>Source Files\Utils</Filter>
    </ClInclude>
    <ClInclude Include="utils\UdpAsyncReceiver.h">
      <Filter>Source Files\Utils</Filter>
    </ClInclude>
    <ClInclude Include="utils\ScheduledTimer.h">
      <Filter>Source Files\Utils</Filter>
    </ClInclude>
    <ClInclude Include="utils\TorrentFileParser.h">
      <Filter>Source Files\Utils</Filter>
    </ClInclude>
    <ClInclude Include="Core\Interface.h">
      <Filter>Source Files\Core\General</Filter>
    </ClInclude>
    <ClInclude Include="utils\BencodeParser.h">
      <Filter>Source Files\Utils</Filter>
    </ClInclude>
    <ClInclude Include="Core\Dht\Responder.h">
      <Filter>Source Files\Core\Torrent\Dht</Filter>
    </ClInclude>
    <ClInclude Include="Core\State.h">
      <Filter>Source Files\Core\Torrent\State</Filter>
    </ClInclude>
    <ClInclude Include="Core\Torrent.h">
      <Filter>Source Files\Core\Torrent\Control</Filter>
    </ClInclude>
    <ClInclude Include="Core\Downloader.h">
      <Filter>Source Files\Core\Torrent\Control</Filter>
    </ClInclude>
    <ClInclude Include="Core\Files.h">
      <Filter>Source Files\Core\Torrent\Files</Filter>
    </ClInclude>
    <ClInclude Include="Peers.h">
      <Filter>Source Files\Core\Torrent\Control</Filter>
    </ClInclude>
    <ClInclude Include="Core\Core.h">
      <Filter>Source Files\Core</Filter>
    </ClInclude>
    <ClInclude Include="Core\Dht\DataListener.h">
      <Filter>Source Files\Core\Torrent\Dht</Filter>
    </ClInclude>
    <ClInclude Include="Core\Dht\Listener.h">
      <Filter>Source Files\Core\Torrent\Dht</Filter>
    </ClInclude>
    <ClInclude Include="Core\Uploader.h">
      <Filter>Source Files\Core\Torrent\Control</Filter>
    </ClInclude>
    <ClInclude Include="Public\BinaryInterface.h">
      <Filter>Source Files\Public</Filter>
    </ClInclude>
    <ClInclude Include="Public\Status.h">
      <Filter>Source Files\Public</Filter>
    </ClInclude>
    <ClInclude Include="Core\MetadataDownload.h">
      <Filter>Source Files\Core\Torrent\Control</Filter>
    </ClInclude>
    <ClInclude Include="Core\IncomingPeersListener.h">
      <Filter>Source Files\Core\Torrent\Control</Filter>
    </ClInclude>
  </ItemGroup>
</Project>