<?xml version="1.0" encoding="utf-8"?>
<Project ToolsVersion="4.0" xmlns="http://schemas.microsoft.com/developer/msbuild/2003">
  <ItemGroup>
    <Filter Include="Source Files">
      <UniqueIdentifier>{4FC737F1-C7A5-4376-A066-2A32D752A2FF}</UniqueIdentifier>
      <Extensions>cpp;c;cc;cxx;def;odl;idl;hpj;bat;asm;asmx</Extensions>
    </Filter>
    <Filter Include="Source Files\Core">
      <UniqueIdentifier>{956eb943-9978-42b3-b382-2ac0742ade1f}</UniqueIdentifier>
    </Filter>
    <Filter Include="Source Files\Core\Torrent">
      <UniqueIdentifier>{913e770b-8b3a-45b7-aa70-a9db2c8abc47}</UniqueIdentifier>
    </Filter>
    <Filter Include="Source Files\Utils">
      <UniqueIdentifier>{8c576c55-78ce-47ad-97d2-3968987cb6c6}</UniqueIdentifier>
    </Filter>
    <Filter Include="Source Files\Core\Torrent\Dht">
      <UniqueIdentifier>{2be78120-b9ea-4798-81cf-9059ab6bc814}</UniqueIdentifier>
    </Filter>
    <Filter Include="Source Files\Core\Torrent\Tracker">
      <UniqueIdentifier>{0c6791af-c20e-4aab-8674-a5965e4acb33}</UniqueIdentifier>
    </Filter>
    <Filter Include="Source Files\Core\Torrent\Peer">
      <UniqueIdentifier>{f699ff89-bf4b-4991-84c0-809ff9af92c1}</UniqueIdentifier>
    </Filter>
    <Filter Include="Source Files\Core\Torrent\Peer\Protocol">
      <UniqueIdentifier>{fc624ad9-2e00-45a6-b029-64de25ae3d7b}</UniqueIdentifier>
    </Filter>
    <Filter Include="Source Files\Core\Torrent\Files">
      <UniqueIdentifier>{1bd05d52-d5e4-41d5-adc5-9252f5314b8c}</UniqueIdentifier>
    </Filter>
    <Filter Include="Source Files\Core\Torrent\Control">
      <UniqueIdentifier>{e067254d-f095-4c48-b4c0-e3205484075e}</UniqueIdentifier>
    </Filter>
    <Filter Include="Source Files\Core\General">
      <UniqueIdentifier>{7854d554-0259-41b2-825f-836e7e52140a}</UniqueIdentifier>
    </Filter>
    <Filter Include="Source Files\Core\Torrent\State">
      <UniqueIdentifier>{3c563459-20dd-404c-a4a2-d84628948432}</UniqueIdentifier>
    </Filter>
    <Filter Include="Source Files\Public">
      <UniqueIdentifier>{a3db1c69-72bb-43d8-b3c3-58deba75dabf}</UniqueIdentifier>
    </Filter>
    <Filter Include="Source Files\Core\ApiImpl">
      <UniqueIdentifier>{c7d683c2-1022-4487-ac0d-bd49c73b000f}</UniqueIdentifier>
    </Filter>
    <Filter Include="Source Files\Core\Torrent\Utp">
      <UniqueIdentifier>{e8c21228-3d42-4e96-8e25-28abafac7897}</UniqueIdentifier>
    </Filter>
    <Filter Include="Source Files\Api">
      <UniqueIdentifier>{ce936252-3388-4661-a13f-2c284643a084}</UniqueIdentifier>
    </Filter>
  </ItemGroup>
  <ItemGroup>
    <ClCompile Include="Core\main.cpp">
      <Filter>Source Files</Filter>
    </ClCompile>
    <ClCompile Include="Core\ExtensionProtocol.cpp">
      <Filter>Source Files\Core\Torrent\Peer\Protocol</Filter>
    </ClCompile>
    <ClCompile Include="Core\HolepunchExtension.cpp">
      <Filter>Source Files\Core\Torrent\Peer\Protocol</Filter>
    </ClCompile>
    <ClCompile Include="Core\PeerMessage.cpp">
      <Filter>Source Files\Core\Torrent\Peer\Protocol</Filter>
    </ClCompile>
    <ClCompile Include="Core\Storage.cpp">
      <Filter>Source Files\Core\Torrent\Files</Filter>
    </ClCompile>
    <ClCompile Include="Core\MetadataReconstruction.cpp">
      <Filter>Source Files\Core\Torrent\Peer</Filter>
    </ClCompile>
    <ClCompile Include="Core\PeerCommunication.cpp">
      <Filter>Source Files\Core\Torrent\Peer</Filter>
    </ClCompile>
    <ClCompile Include="Core\HttpTrackerComm.cpp">
      <Filter>Source Files\Core\Torrent\Tracker</Filter>
    </ClCompile>
    <ClCompile Include="Core\UdpTrackerComm.cpp">
      <Filter>Source Files\Core\Torrent\Tracker</Filter>
    </ClCompile>
    <ClCompile Include="Core\TrackerManager.cpp">
      <Filter>Source Files\Core\Torrent\Tracker</Filter>
    </ClCompile>
    <ClCompile Include="Core\Dht\Communication.cpp">
      <Filter>Source Files\Core\Torrent\Dht</Filter>
    </ClCompile>
    <ClCompile Include="Core\Dht\Table.cpp">
      <Filter>Source Files\Core\Torrent\Dht</Filter>
    </ClCompile>
    <ClCompile Include="Core\Dht\Query.cpp">
      <Filter>Source Files\Core\Torrent\Dht</Filter>
    </ClCompile>
    <ClCompile Include="Core\PiecesProgress.cpp">
      <Filter>Source Files\Core\Torrent\Files</Filter>
    </ClCompile>
    <ClCompile Include="utils\Base32.cpp">
      <Filter>Source Files\Utils</Filter>
    </ClCompile>
    <ClCompile Include="utils\HexEncoding.cpp">
      <Filter>Source Files\Utils</Filter>
    </ClCompile>
    <ClCompile Include="utils\Network.cpp">
      <Filter>Source Files\Utils</Filter>
    </ClCompile>
    <ClCompile Include="utils\ServiceThreadpool.cpp">
      <Filter>Source Files\Utils</Filter>
    </ClCompile>
    <ClCompile Include="utils\TcpAsyncServer.cpp">
      <Filter>Source Files\Utils</Filter>
    </ClCompile>
    <ClCompile Include="utils\UrlEncoding.cpp">
      <Filter>Source Files\Utils</Filter>
    </ClCompile>
    <ClCompile Include="Core\Configuration.cpp">
      <Filter>Source Files\Core\General</Filter>
    </ClCompile>
    <ClCompile Include="Core\Dht\Node.cpp">
      <Filter>Source Files\Core\Torrent\Dht</Filter>
    </ClCompile>
    <ClCompile Include="utils\UdpAsyncWriter.cpp">
      <Filter>Source Files\Utils</Filter>
    </ClCompile>
    <ClCompile Include="utils\UdpAsyncComm.cpp">
      <Filter>Source Files\Utils</Filter>
    </ClCompile>
    <ClCompile Include="utils\UdpAsyncReceiver.cpp">
      <Filter>Source Files\Utils</Filter>
    </ClCompile>
    <ClCompile Include="utils\ScheduledTimer.cpp">
      <Filter>Source Files\Utils</Filter>
    </ClCompile>
    <ClCompile Include="utils\TorrentFileParser.cpp">
      <Filter>Source Files\Utils</Filter>
    </ClCompile>
    <ClCompile Include="utils\BencodeParser.cpp">
      <Filter>Source Files\Utils</Filter>
    </ClCompile>
    <ClCompile Include="Core\Dht\Responder.cpp">
      <Filter>Source Files\Core\Torrent\Dht</Filter>
    </ClCompile>
    <ClCompile Include="Core\State.cpp">
      <Filter>Source Files\Core\Torrent\State</Filter>
    </ClCompile>
    <ClCompile Include="Core\Torrent.cpp">
      <Filter>Source Files\Core\Torrent\Control</Filter>
    </ClCompile>
    <ClCompile Include="Core\Downloader.cpp">
      <Filter>Source Files\Core\Torrent\Control</Filter>
    </ClCompile>
    <ClCompile Include="Core\Files.cpp">
      <Filter>Source Files\Core\Torrent\Files</Filter>
    </ClCompile>
    <ClCompile Include="Core\Peers.cpp">
      <Filter>Source Files\Core\Torrent\Control</Filter>
    </ClCompile>
    <ClCompile Include="Core\Core.cpp">
      <Filter>Source Files\Core</Filter>
    </ClCompile>
    <ClCompile Include="Core\Uploader.cpp">
      <Filter>Source Files\Core\Torrent\Control</Filter>
    </ClCompile>
    <ClCompile Include="Core\MetadataDownload.cpp">
      <Filter>Source Files\Core\Torrent\Control</Filter>
    </ClCompile>
    <ClCompile Include="Core\IncomingPeersListener.cpp">
      <Filter>Source Files\Core\Torrent\Control</Filter>
    </ClCompile>
    <ClCompile Include="Core\FileTransfer.cpp">
      <Filter>Source Files\Core\Torrent\Control</Filter>
    </ClCompile>
    <ClCompile Include="utils\FastIpToCountry.cpp">
      <Filter>Source Files\Utils</Filter>
    </ClCompile>
    <ClCompile Include="utils\UpnpPortMapping.cpp">
      <Filter>Source Files\Utils</Filter>
    </ClCompile>
    <ClCompile Include="utils\HttpHeader.cpp">
      <Filter>Source Files\Utils</Filter>
    </ClCompile>
    <ClCompile Include="Core\BinaryInterfaceHandler.cpp">
      <Filter>Source Files\Core</Filter>
    </ClCompile>
    <ClCompile Include="utils\BencodeWriter.cpp">
      <Filter>Source Files\Utils</Filter>
    </ClCompile>
    <ClCompile Include="utils\SHA.cpp">
      <Filter>Source Files\Utils</Filter>
    </ClCompile>
    <ClCompile Include="Public\ModuleString.cpp">
      <Filter>Source Files\Public</Filter>
    </ClCompile>
    <ClCompile Include="utils\UpnpDiscovery.cpp">
      <Filter>Source Files\Utils</Filter>
    </ClCompile>
    <ClCompile Include="Core\Api\CoreImpl.cpp">
      <Filter>Source Files\Core\ApiImpl</Filter>
    </ClCompile>
    <ClCompile Include="Core\Api\ListenerImpl.cpp">
      <Filter>Source Files\Core\ApiImpl</Filter>
    </ClCompile>
    <ClCompile Include="Core\Api\PeersImpl.cpp">
      <Filter>Source Files\Core\ApiImpl</Filter>
    </ClCompile>
    <ClCompile Include="Core\Api\TorrentImpl.cpp">
      <Filter>Source Files\Core\ApiImpl</Filter>
    </ClCompile>
    <ClCompile Include="Core\Api\FileTransferImpl.cpp">
      <Filter>Source Files\Core\ApiImpl</Filter>
    </ClCompile>
    <ClCompile Include="Core\HttpsTrackerComm.cpp">
      <Filter>Source Files\Core\Torrent\Tracker</Filter>
    </ClCompile>
    <ClCompile Include="utils\Uri.cpp">
      <Filter>Source Files\Utils</Filter>
    </ClCompile>
    <ClCompile Include="Core\Api\MagnetDownloadImpl.cpp">
      <Filter>Source Files\Core\ApiImpl</Filter>
    </ClCompile>
    <ClCompile Include="Core\Api\InterfaceImpl.cpp">
      <Filter>Source Files\Core\ApiImpl</Filter>
    </ClCompile>
    <ClCompile Include="Core\AlertsManager.cpp">
      <Filter>Source Files\Core\General</Filter>
    </ClCompile>
    <ClCompile Include="utils\Bandwidth.cpp">
      <Filter>Source Files\Utils</Filter>
    </ClCompile>
    <ClCompile Include="utils\TcpAsyncStream.cpp">
      <Filter>Source Files\Utils</Filter>
    </ClCompile>
    <ClCompile Include="utils\SslAsyncStream.cpp">
      <Filter>Source Files\Utils</Filter>
    </ClCompile>
    <ClCompile Include="utils\Xml.cpp">
      <Filter>Source Files\Utils</Filter>
    </ClCompile>
    <ClCompile Include="Core\Utp\UtpManager.cpp">
      <Filter>Source Files\Core\Torrent\Utp</Filter>
    </ClCompile>
    <ClCompile Include="Core\Utp\UtpStream.cpp">
      <Filter>Source Files\Core\Torrent\Utp</Filter>
    </ClCompile>
    <ClCompile Include="utils\NetAdaptersList.cpp">
      <Filter>Source Files\Utils</Filter>
    </ClCompile>
    <ClCompile Include="Core\Interface.cpp">
      <Filter>Source Files\Core\General</Filter>
    </ClCompile>
    <ClCompile Include="Core\PeerStream.cpp">
      <Filter>Source Files\Core\Torrent\Peer</Filter>
    </ClCompile>
    <ClCompile Include="Core\Logging.cpp">
      <Filter>Source Files\Core\General</Filter>
    </ClCompile>
    <ClCompile Include="Core\ProtocolEncryption.cpp">
      <Filter>Source Files\Core\Torrent\Peer\Protocol</Filter>
    </ClCompile>
    <ClCompile Include="utils\DataBuffer.cpp">
      <Filter>Source Files\Utils</Filter>
    </ClCompile>
    <ClCompile Include="utils\DiffieHellman.cpp">
      <Filter>Source Files\Utils</Filter>
    </ClCompile>
    <ClCompile Include="utils\RC4.cpp">
      <Filter>Source Files\Utils</Filter>
    </ClCompile>
    <ClCompile Include="utils\BigNumber.cpp">
      <Filter>Source Files\Utils</Filter>
    </ClCompile>
    <ClCompile Include="Core\PexExtension.cpp">
      <Filter>Source Files\Core\Torrent\Peer\Protocol</Filter>
    </ClCompile>
    <ClCompile Include="Core\MetadataExtension.cpp">
      <Filter>Source Files\Core\Torrent\Peer\Protocol</Filter>
    </ClCompile>
    <ClCompile Include="utils\ByteSwap.cpp">
      <Filter>Source Files\Utils</Filter>
    </ClCompile>
    <ClCompile Include="Core\DownloadStorage.cpp">
      <Filter>Source Files\Core\Torrent\Control</Filter>
    </ClCompile>
    <ClCompile Include="Core\Api\DhtImpl.cpp">
      <Filter>Source Files\Core\ApiImpl</Filter>
    </ClCompile>
    <ClCompile Include="Core\Api\FilesImpl.cpp">
      <Filter>Source Files\Core\ApiImpl</Filter>
    </ClCompile>
  </ItemGroup>
  <ItemGroup>
    <ClInclude Include="Core\Storage.h">
      <Filter>Source Files\Core\Torrent\Files</Filter>
    </ClInclude>
    <ClInclude Include="Core\PeerMessage.h">
      <Filter>Source Files\Core\Torrent\Peer\Protocol</Filter>
    </ClInclude>
    <ClInclude Include="Core\ExtensionProtocol.h">
      <Filter>Source Files\Core\Torrent\Peer\Protocol</Filter>
    </ClInclude>
    <ClInclude Include="Core\HolepunchExtension.h">
      <Filter>Source Files\Core\Torrent\Peer\Protocol</Filter>
    </ClInclude>
    <ClInclude Include="Core\IPeerListener.h">
      <Filter>Source Files\Core\Torrent\Peer</Filter>
    </ClInclude>
    <ClInclude Include="Core\MetadataReconstruction.h">
      <Filter>Source Files\Core\Torrent\Peer</Filter>
    </ClInclude>
    <ClInclude Include="Core\PeerCommunication.h">
      <Filter>Source Files\Core\Torrent\Peer</Filter>
    </ClInclude>
    <ClInclude Include="Core\TrackerManager.h">
      <Filter>Source Files\Core\Torrent\Tracker</Filter>
    </ClInclude>
    <ClInclude Include="Core\HttpTrackerComm.h">
      <Filter>Source Files\Core\Torrent\Tracker</Filter>
    </ClInclude>
    <ClInclude Include="Core\UdpTrackerComm.h">
      <Filter>Source Files\Core\Torrent\Tracker</Filter>
    </ClInclude>
    <ClInclude Include="Core\ITracker.h">
      <Filter>Source Files\Core\Torrent\Tracker</Filter>
    </ClInclude>
    <ClInclude Include="Core\Dht\Communication.h">
      <Filter>Source Files\Core\Torrent\Dht</Filter>
    </ClInclude>
    <ClInclude Include="Core\Dht\Table.h">
      <Filter>Source Files\Core\Torrent\Dht</Filter>
    </ClInclude>
    <ClInclude Include="Core\Dht\Query.h">
      <Filter>Source Files\Core\Torrent\Dht</Filter>
    </ClInclude>
    <ClInclude Include="Core\PiecesProgress.h">
      <Filter>Source Files\Core\Torrent\Files</Filter>
    </ClInclude>
    <ClInclude Include="utils\Base32.h">
      <Filter>Source Files\Utils</Filter>
    </ClInclude>
    <ClInclude Include="utils\HexEncoding.h">
      <Filter>Source Files\Utils</Filter>
    </ClInclude>
    <ClInclude Include="utils\Network.h">
      <Filter>Source Files\Utils</Filter>
    </ClInclude>
    <ClInclude Include="utils\ServiceThreadpool.h">
      <Filter>Source Files\Utils</Filter>
    </ClInclude>
    <ClInclude Include="utils\TcpAsyncServer.h">
      <Filter>Source Files\Utils</Filter>
    </ClInclude>
    <ClInclude Include="utils\UrlEncoding.h">
      <Filter>Source Files\Utils</Filter>
    </ClInclude>
    <ClInclude Include="Core\Configuration.h">
      <Filter>Source Files\Core\General</Filter>
    </ClInclude>
    <ClInclude Include="Core\Logging.h">
      <Filter>Source Files\Core\General</Filter>
    </ClInclude>
    <ClInclude Include="Core\Dht\Node.h">
      <Filter>Source Files\Core\Torrent\Dht</Filter>
    </ClInclude>
    <ClInclude Include="utils\UdpAsyncWriter.h">
      <Filter>Source Files\Utils</Filter>
    </ClInclude>
    <ClInclude Include="utils\UdpAsyncComm.h">
      <Filter>Source Files\Utils</Filter>
    </ClInclude>
    <ClInclude Include="utils\UdpAsyncReceiver.h">
      <Filter>Source Files\Utils</Filter>
    </ClInclude>
    <ClInclude Include="utils\ScheduledTimer.h">
      <Filter>Source Files\Utils</Filter>
    </ClInclude>
    <ClInclude Include="utils\TorrentFileParser.h">
      <Filter>Source Files\Utils</Filter>
    </ClInclude>
    <ClInclude Include="Core\Interface.h">
      <Filter>Source Files\Core\General</Filter>
    </ClInclude>
    <ClInclude Include="utils\BencodeParser.h">
      <Filter>Source Files\Utils</Filter>
    </ClInclude>
    <ClInclude Include="Core\Dht\Responder.h">
      <Filter>Source Files\Core\Torrent\Dht</Filter>
    </ClInclude>
    <ClInclude Include="Core\State.h">
      <Filter>Source Files\Core\Torrent\State</Filter>
    </ClInclude>
    <ClInclude Include="Core\Torrent.h">
      <Filter>Source Files\Core\Torrent\Control</Filter>
    </ClInclude>
    <ClInclude Include="Core\Downloader.h">
      <Filter>Source Files\Core\Torrent\Control</Filter>
    </ClInclude>
    <ClInclude Include="Core\Files.h">
      <Filter>Source Files\Core\Torrent\Files</Filter>
    </ClInclude>
    <ClInclude Include="Core\Core.h">
      <Filter>Source Files\Core</Filter>
    </ClInclude>
    <ClInclude Include="Core\Dht\DataListener.h">
      <Filter>Source Files\Core\Torrent\Dht</Filter>
    </ClInclude>
    <ClInclude Include="Core\Dht\Listener.h">
      <Filter>Source Files\Core\Torrent\Dht</Filter>
    </ClInclude>
    <ClInclude Include="Core\Uploader.h">
      <Filter>Source Files\Core\Torrent\Control</Filter>
    </ClInclude>
    <ClInclude Include="Public\BinaryInterface.h">
      <Filter>Source Files\Public</Filter>
    </ClInclude>
    <ClInclude Include="Public\Status.h">
      <Filter>Source Files\Public</Filter>
    </ClInclude>
    <ClInclude Include="Core\MetadataDownload.h">
      <Filter>Source Files\Core\Torrent\Control</Filter>
    </ClInclude>
    <ClInclude Include="Core\IncomingPeersListener.h">
      <Filter>Source Files\Core\Torrent\Control</Filter>
    </ClInclude>
    <ClInclude Include="Core\Peers.h">
      <Filter>Source Files\Core\Torrent\Control</Filter>
    </ClInclude>
    <ClInclude Include="Core\FileTransfer.h">
      <Filter>Source Files\Core\Torrent\Control</Filter>
    </ClInclude>
    <ClInclude Include="utils\FastIpToCountry.h">
      <Filter>Source Files\Utils</Filter>
    </ClInclude>
    <ClInclude Include="Public\ModuleAllocator.h">
      <Filter>Source Files\Public</Filter>
    </ClInclude>
    <ClInclude Include="utils\UpnpPortMapping.h">
      <Filter>Source Files\Utils</Filter>
    </ClInclude>
    <ClInclude Include="utils\NetAdaptersList.h">
      <Filter>Source Files\Utils</Filter>
    </ClInclude>
    <ClInclude Include="utils\HttpHeader.h">
      <Filter>Source Files\Utils</Filter>
    </ClInclude>
    <ClInclude Include="utils\BencodeWriter.h">
      <Filter>Source Files\Utils</Filter>
    </ClInclude>
    <ClInclude Include="utils\SHA.h">
      <Filter>Source Files\Utils</Filter>
    </ClInclude>
    <ClInclude Include="Public\ModuleString.h">
      <Filter>Source Files\Public</Filter>
    </ClInclude>
    <ClInclude Include="utils\UpnpDiscovery.h">
      <Filter>Source Files\Utils</Filter>
    </ClInclude>
    <ClInclude Include="Api\Core.h">
      <Filter>Source Files\Api</Filter>
    </ClInclude>
    <ClInclude Include="Api\Torrent.h">
      <Filter>Source Files\Api</Filter>
    </ClInclude>
    <ClInclude Include="Api\PortListener.h">
      <Filter>Source Files\Api</Filter>
    </ClInclude>
    <ClInclude Include="Api\Peers.h">
      <Filter>Source Files\Api</Filter>
    </ClInclude>
    <ClInclude Include="Api\Interface.h">
      <Filter>Source Files\Api</Filter>
    </ClInclude>
    <ClInclude Include="Api\FileTransfer.h">
      <Filter>Source Files\Api</Filter>
    </ClInclude>
    <ClInclude Include="Api\Configuration.h">
      <Filter>Source Files\Api</Filter>
    </ClInclude>
    <ClInclude Include="Public\Alerts.h">
      <Filter>Source Files\Public</Filter>
    </ClInclude>
    <ClInclude Include="Public\ModuleArray.h">
      <Filter>Source Files\Public</Filter>
    </ClInclude>
    <ClInclude Include="Core\HttpsTrackerComm.h">
      <Filter>Source Files\Core\Torrent\Tracker</Filter>
    </ClInclude>
    <ClInclude Include="utils\Uri.h">
      <Filter>Source Files\Utils</Filter>
    </ClInclude>
    <ClInclude Include="Api\MagnetDownload.h">
      <Filter>Source Files\Api</Filter>
    </ClInclude>
    <ClInclude Include="Core\AlertsManager.h">
      <Filter>Source Files\Core\General</Filter>
    </ClInclude>
    <ClInclude Include="utils\Bandwidth.h">
      <Filter>Source Files\Utils</Filter>
    </ClInclude>
    <ClInclude Include="utils\TcpAsyncStream.h">
      <Filter>Source Files\Utils</Filter>
    </ClInclude>
    <ClInclude Include="utils\SslAsyncStream.h">
      <Filter>Source Files\Utils</Filter>
    </ClInclude>
    <ClInclude Include="utils\Xml.h">
      <Filter>Source Files\Utils</Filter>
    </ClInclude>
    <ClInclude Include="Core\Utp\UtpManager.h">
      <Filter>Source Files\Core\Torrent\Utp</Filter>
    </ClInclude>
    <ClInclude Include="Core\Utp\UtpStream.h">
      <Filter>Source Files\Core\Torrent\Utp</Filter>
    </ClInclude>
    <ClInclude Include="Core\PeerStream.h">
      <Filter>Source Files\Core\Torrent\Peer</Filter>
    </ClInclude>
    <ClInclude Include="Core\ProtocolEncryption.h">
      <Filter>Source Files\Core\Torrent\Peer\Protocol</Filter>
    </ClInclude>
    <ClInclude Include="utils\DataBuffer.h">
      <Filter>Source Files\Utils</Filter>
    </ClInclude>
    <ClInclude Include="utils\DiffieHellman.h">
      <Filter>Source Files\Utils</Filter>
    </ClInclude>
    <ClInclude Include="utils\RC4.h">
      <Filter>Source Files\Utils</Filter>
    </ClInclude>
    <ClInclude Include="utils\BigNumber.h">
      <Filter>Source Files\Utils</Filter>
    </ClInclude>
    <ClInclude Include="Core\PexExtension.h">
      <Filter>Source Files\Core\Torrent\Peer\Protocol</Filter>
    </ClInclude>
    <ClInclude Include="Core\MetadataExtension.h">
      <Filter>Source Files\Core\Torrent\Peer\Protocol</Filter>
    </ClInclude>
    <ClInclude Include="utils\int128.h">
      <Filter>Source Files\Utils</Filter>
    </ClInclude>
    <ClInclude Include="utils\ByteSwap.h">
      <Filter>Source Files\Utils</Filter>
    </ClInclude>
    <ClInclude Include="Core\DownloadStorage.h">
      <Filter>Source Files\Core\Torrent\Control</Filter>
    </ClInclude>
    <ClInclude Include="Api\Dht.h">
      <Filter>Source Files\Api</Filter>
    </ClInclude>
    <ClInclude Include="Api\Files.h">
      <Filter>Source Files\Api</Filter>
    </ClInclude>
  </ItemGroup>
</Project>